
Microsoft Visual Studio Solution File, Format Version 12.00
# Visual Studio Version 17
VisualStudioVersion = 17.2.32526.322
MinimumVisualStudioVersion = 10.0.40219.1
Project("{FAE04EC0-301F-11D3-BF4B-00C04F79EFBC}") = "SystemWebAdaptersRedirect", "SystemWebAdaptersRedirect\SystemWebAdaptersRedirect.csproj", "{5D7DAAD8-75B6-42FF-9F8D-6003DB840121}"
EndProject
Project("{FAE04EC0-301F-11D3-BF4B-00C04F79EFBC}") = "SystemWebAdaptersRedirect.Core", "SystemWebAdaptersRedirect.Core\SystemWebAdaptersRedirect.Core.csproj", "{F90B31DF-39A6-4E46-8384-8272518D0D09}"
EndProject
Global
	GlobalSection(SolutionConfigurationPlatforms) = preSolution
		Debug|Any CPU = Debug|Any CPU
		Release|Any CPU = Release|Any CPU
	EndGlobalSection
	GlobalSection(ProjectConfigurationPlatforms) = postSolution
		{5D7DAAD8-75B6-42FF-9F8D-6003DB840121}.Debug|Any CPU.ActiveCfg = Debug|Any CPU
		{5D7DAAD8-75B6-42FF-9F8D-6003DB840121}.Debug|Any CPU.Build.0 = Debug|Any CPU
		{5D7DAAD8-75B6-42FF-9F8D-6003DB840121}.Release|Any CPU.ActiveCfg = Release|Any CPU
		{5D7DAAD8-75B6-42FF-9F8D-6003DB840121}.Release|Any CPU.Build.0 = Release|Any CPU
		{F90B31DF-39A6-4E46-8384-8272518D0D09}.Debug|Any CPU.ActiveCfg = Debug|Any CPU
		{F90B31DF-39A6-4E46-8384-8272518D0D09}.Debug|Any CPU.Build.0 = Debug|Any CPU
		{F90B31DF-39A6-4E46-8384-8272518D0D09}.Release|Any CPU.ActiveCfg = Release|Any CPU
		{F90B31DF-39A6-4E46-8384-8272518D0D09}.Release|Any CPU.Build.0 = Release|Any CPU
	EndGlobalSection
	GlobalSection(SolutionProperties) = preSolution
		HideSolutionNode = FALSE
	EndGlobalSection
	GlobalSection(ExtensibilityGlobals) = postSolution
		SolutionGuid = {36FCAC1F-C3EB-4A1F-B443-D0349E6FCD6B}
	EndGlobalSection
EndGlobal
